
Microsoft Visual Studio Solution File, Format Version 12.00
# Visual Studio Version 17
VisualStudioVersion = 17.9.34701.34
MinimumVisualStudioVersion = 10.0.40219.1
Project("{9A19103F-16F7-4668-BE54-9A1E7A4F7556}") = "ImageAtlaslizer", "ImageAtlaslizer.csproj", "{A70DC4D1-E360-4B17-99BF-69A38208DAA5}"
EndProject
Global
	GlobalSection(SolutionConfigurationPlatforms) = preSolution
		Debug|Any CPU = Debug|Any CPU
		Release|Any CPU = Release|Any CPU
	EndGlobalSection
	GlobalSection(ProjectConfigurationPlatforms) = postSolution
		{A70DC4D1-E360-4B17-99BF-69A38208DAA5}.Debug|Any CPU.ActiveCfg = Debug|Any CPU
		{A70DC4D1-E360-4B17-99BF-69A38208DAA5}.Debug|Any CPU.Build.0 = Debug|Any CPU
		{A70DC4D1-E360-4B17-99BF-69A38208DAA5}.Release|Any CPU.ActiveCfg = Release|Any CPU
		{A70DC4D1-E360-4B17-99BF-69A38208DAA5}.Release|Any CPU.Build.0 = Release|Any CPU
	EndGlobalSection
	GlobalSection(SolutionProperties) = preSolution
		HideSolutionNode = FALSE
	EndGlobalSection
	GlobalSection(ExtensibilityGlobals) = postSolution
		SolutionGuid = {EF14CF0B-A0E0-401B-BD38-635915C8241A}
	EndGlobalSection
EndGlobal
